// !$*UTF8*$!
{
	archiveVersion = 1;
	classes = {
	};
	objectVersion = 56;
	objects = {

/* Begin PBXBuildFile section */
		1CA06C9DFEB015C3B7B78F93 /* Pods_WeatherForecast.framework in Frameworks */ = {isa = PBXBuildFile; fileRef = 0F4941A0F6E3C3B33FEB10D3 /* Pods_WeatherForecast.framework */; };
		2B41842F2A5BDD98009E6D22 /* CYWeatherAllData.m in Sources */ = {isa = PBXBuildFile; fileRef = 2B41842E2A5BDD98009E6D22 /* CYWeatherAllData.m */; };
		2B4184322A5BF703009E6D22 /* DataModelBase.m in Sources */ = {isa = PBXBuildFile; fileRef = 2B4184312A5BF703009E6D22 /* DataModelBase.m */; };
		700656B92A29833E00F5B947 /* AppDelegate.m in Sources */ = {isa = PBXBuildFile; fileRef = 700656B82A29833E00F5B947 /* AppDelegate.m */; };
		700656BC2A29833E00F5B947 /* SceneDelegate.m in Sources */ = {isa = PBXBuildFile; fileRef = 700656BB2A29833E00F5B947 /* SceneDelegate.m */; };
		700656C22A29833E00F5B947 /* Main.storyboard in Resources */ = {isa = PBXBuildFile; fileRef = 700656C02A29833E00F5B947 /* Main.storyboard */; };
		700656C52A29833E00F5B947 /* WeatherForecast.xcdatamodeld in Sources */ = {isa = PBXBuildFile; fileRef = 700656C32A29833E00F5B947 /* WeatherForecast.xcdatamodeld */; };
		700656C72A29834000F5B947 /* Assets.xcassets in Resources */ = {isa = PBXBuildFile; fileRef = 700656C62A29834000F5B947 /* Assets.xcassets */; };
		700656CA2A29834000F5B947 /* LaunchScreen.storyboard in Resources */ = {isa = PBXBuildFile; fileRef = 700656C82A29834000F5B947 /* LaunchScreen.storyboard */; };
		700656CD2A29834000F5B947 /* main.m in Sources */ = {isa = PBXBuildFile; fileRef = 700656CC2A29834000F5B947 /* main.m */; };
		700656DC2A2983A700F5B947 /* Realtime.m in Sources */ = {isa = PBXBuildFile; fileRef = 700656D52A2983A500F5B947 /* Realtime.m */; };
		700656DD2A2983A700F5B947 /* Daily.m in Sources */ = {isa = PBXBuildFile; fileRef = 700656D62A2983A500F5B947 /* Daily.m */; };
		700656DE2A2983A700F5B947 /* PlaceList.m in Sources */ = {isa = PBXBuildFile; fileRef = 700656D92A2983A600F5B947 /* PlaceList.m */; };
		700656DF2A2983A700F5B947 /* PlaceItem.m in Sources */ = {isa = PBXBuildFile; fileRef = 700656DA2A2983A600F5B947 /* PlaceItem.m */; };
		700656E72A2983CA00F5B947 /* NSArray+Map.m in Sources */ = {isa = PBXBuildFile; fileRef = 700656E12A2983CA00F5B947 /* NSArray+Map.m */; };
		700656E82A2983CA00F5B947 /* LocationStorage.m in Sources */ = {isa = PBXBuildFile; fileRef = 700656E52A2983CA00F5B947 /* LocationStorage.m */; };
		700656E92A2983CA00F5B947 /* CYWeather.m in Sources */ = {isa = PBXBuildFile; fileRef = 700656E62A2983CA00F5B947 /* CYWeather.m */; };
		700656EF2A2983E000F5B947 /* WeatherController.m in Sources */ = {isa = PBXBuildFile; fileRef = 700656EC2A2983E000F5B947 /* WeatherController.m */; };
		700656F02A2983E000F5B947 /* PlaceListController.m in Sources */ = {isa = PBXBuildFile; fileRef = 700656ED2A2983E000F5B947 /* PlaceListController.m */; };
/* End PBXBuildFile section */

/* Begin PBXFileReference section */
		06ED123D8DE03B95D9890CFB /* Pods-WeatherForecast.debug.xcconfig */ = {isa = PBXFileReference; includeInIndex = 1; lastKnownFileType = text.xcconfig; name = "Pods-WeatherForecast.debug.xcconfig"; path = "Target Support Files/Pods-WeatherForecast/Pods-WeatherForecast.debug.xcconfig"; sourceTree = "<group>"; };
		0D0CB596BE28E410CA5201CF /* Pods-WeatherForecast.release.xcconfig */ = {isa = PBXFileReference; includeInIndex = 1; lastKnownFileType = text.xcconfig; name = "Pods-WeatherForecast.release.xcconfig"; path = "Target Support Files/Pods-WeatherForecast/Pods-WeatherForecast.release.xcconfig"; sourceTree = "<group>"; };
		0F4941A0F6E3C3B33FEB10D3 /* Pods_WeatherForecast.framework */ = {isa = PBXFileReference; explicitFileType = wrapper.framework; includeInIndex = 0; path = Pods_WeatherForecast.framework; sourceTree = BUILT_PRODUCTS_DIR; };
		2B41842E2A5BDD98009E6D22 /* CYWeatherAllData.m */ = {isa = PBXFileReference; lastKnownFileType = sourcecode.c.objc; path = CYWeatherAllData.m; sourceTree = "<group>"; };
		2B4184302A5BDDA4009E6D22 /* CYWeatherAllData.h */ = {isa = PBXFileReference; lastKnownFileType = sourcecode.c.h; path = CYWeatherAllData.h; sourceTree = "<group>"; };
		2B4184312A5BF703009E6D22 /* DataModelBase.m */ = {isa = PBXFileReference; lastKnownFileType = sourcecode.c.objc; path = DataModelBase.m; sourceTree = "<group>"; };
		2B4184332A5BF70D009E6D22 /* DataModelBase.h */ = {isa = PBXFileReference; lastKnownFileType = sourcecode.c.h; path = DataModelBase.h; sourceTree = "<group>"; };
		700656B42A29833E00F5B947 /* WeatherForecast.app */ = {isa = PBXFileReference; explicitFileType = wrapper.application; includeInIndex = 0; path = WeatherForecast.app; sourceTree = BUILT_PRODUCTS_DIR; };
		700656B72A29833E00F5B947 /* AppDelegate.h */ = {isa = PBXFileReference; lastKnownFileType = sourcecode.c.h; path = AppDelegate.h; sourceTree = "<group>"; };
		700656B82A29833E00F5B947 /* AppDelegate.m */ = {isa = PBXFileReference; lastKnownFileType = sourcecode.c.objc; path = AppDelegate.m; sourceTree = "<group>"; };
		700656BA2A29833E00F5B947 /* SceneDelegate.h */ = {isa = PBXFileReference; lastKnownFileType = sourcecode.c.h; path = SceneDelegate.h; sourceTree = "<group>"; };
		700656BB2A29833E00F5B947 /* SceneDelegate.m */ = {isa = PBXFileReference; lastKnownFileType = sourcecode.c.objc; path = SceneDelegate.m; sourceTree = "<group>"; };
		700656C12A29833E00F5B947 /* Base */ = {isa = PBXFileReference; lastKnownFileType = file.storyboard; name = Base; path = Base.lproj/Main.storyboard; sourceTree = "<group>"; };
		700656C42A29833E00F5B947 /* WeatherForecast.xcdatamodel */ = {isa = PBXFileReference; lastKnownFileType = wrapper.xcdatamodel; path = WeatherForecast.xcdatamodel; sourceTree = "<group>"; };
		700656C62A29834000F5B947 /* Assets.xcassets */ = {isa = PBXFileReference; lastKnownFileType = folder.assetcatalog; path = Assets.xcassets; sourceTree = "<group>"; };
		700656C92A29834000F5B947 /* Base */ = {isa = PBXFileReference; lastKnownFileType = file.storyboard; name = Base; path = Base.lproj/LaunchScreen.storyboard; sourceTree = "<group>"; };
		700656CB2A29834000F5B947 /* Info.plist */ = {isa = PBXFileReference; lastKnownFileType = text.plist.xml; path = Info.plist; sourceTree = "<group>"; };
		700656CC2A29834000F5B947 /* main.m */ = {isa = PBXFileReference; lastKnownFileType = sourcecode.c.objc; path = main.m; sourceTree = "<group>"; };
		700656D42A29838600F5B947 /* Daily.h */ = {isa = PBXFileReference; fileEncoding = 4; lastKnownFileType = sourcecode.c.h; path = Daily.h; sourceTree = "<group>"; };
		700656D52A2983A500F5B947 /* Realtime.m */ = {isa = PBXFileReference; fileEncoding = 4; lastKnownFileType = sourcecode.c.objc; path = Realtime.m; sourceTree = "<group>"; };
		700656D62A2983A500F5B947 /* Daily.m */ = {isa = PBXFileReference; fileEncoding = 4; lastKnownFileType = sourcecode.c.objc; path = Daily.m; sourceTree = "<group>"; };
		700656D72A2983A600F5B947 /* Realtime.h */ = {isa = PBXFileReference; fileEncoding = 4; lastKnownFileType = sourcecode.c.h; path = Realtime.h; sourceTree = "<group>"; };
		700656D82A2983A600F5B947 /* PlaceItem.h */ = {isa = PBXFileReference; fileEncoding = 4; lastKnownFileType = sourcecode.c.h; path = PlaceItem.h; sourceTree = "<group>"; };
		700656D92A2983A600F5B947 /* PlaceList.m */ = {isa = PBXFileReference; fileEncoding = 4; lastKnownFileType = sourcecode.c.objc; path = PlaceList.m; sourceTree = "<group>"; };
		700656DA2A2983A600F5B947 /* PlaceItem.m */ = {isa = PBXFileReference; fileEncoding = 4; lastKnownFileType = sourcecode.c.objc; path = PlaceItem.m; sourceTree = "<group>"; };
		700656DB2A2983A600F5B947 /* PlaceList.h */ = {isa = PBXFileReference; fileEncoding = 4; lastKnownFileType = sourcecode.c.h; path = PlaceList.h; sourceTree = "<group>"; };
		700656E12A2983CA00F5B947 /* NSArray+Map.m */ = {isa = PBXFileReference; fileEncoding = 4; lastKnownFileType = sourcecode.c.objc; path = "NSArray+Map.m"; sourceTree = "<group>"; };
		700656E22A2983CA00F5B947 /* CYWeather.h */ = {isa = PBXFileReference; fileEncoding = 4; lastKnownFileType = sourcecode.c.h; path = CYWeather.h; sourceTree = "<group>"; };
		700656E32A2983CA00F5B947 /* LocationStorage.h */ = {isa = PBXFileReference; fileEncoding = 4; lastKnownFileType = sourcecode.c.h; path = LocationStorage.h; sourceTree = "<group>"; };
		700656E42A2983CA00F5B947 /* NSArray+Map.h */ = {isa = PBXFileReference; fileEncoding = 4; lastKnownFileType = sourcecode.c.h; path = "NSArray+Map.h"; sourceTree = "<group>"; };
		700656E52A2983CA00F5B947 /* LocationStorage.m */ = {isa = PBXFileReference; fileEncoding = 4; lastKnownFileType = sourcecode.c.objc; path = LocationStorage.m; sourceTree = "<group>"; };
		700656E62A2983CA00F5B947 /* CYWeather.m */ = {isa = PBXFileReference; fileEncoding = 4; lastKnownFileType = sourcecode.c.objc; path = CYWeather.m; sourceTree = "<group>"; };
		700656EB2A2983E000F5B947 /* PlaceListController.h */ = {isa = PBXFileReference; fileEncoding = 4; lastKnownFileType = sourcecode.c.h; path = PlaceListController.h; sourceTree = "<group>"; };
		700656EC2A2983E000F5B947 /* WeatherController.m */ = {isa = PBXFileReference; fileEncoding = 4; lastKnownFileType = sourcecode.c.objc; path = WeatherController.m; sourceTree = "<group>"; };
		700656ED2A2983E000F5B947 /* PlaceListController.m */ = {isa = PBXFileReference; fileEncoding = 4; lastKnownFileType = sourcecode.c.objc; path = PlaceListController.m; sourceTree = "<group>"; };
		700656EE2A2983E000F5B947 /* WeatherController.h */ = {isa = PBXFileReference; fileEncoding = 4; lastKnownFileType = sourcecode.c.h; path = WeatherController.h; sourceTree = "<group>"; };
/* End PBXFileReference section */

/* Begin PBXFrameworksBuildPhase section */
		700656B12A29833E00F5B947 /* Frameworks */ = {
			isa = PBXFrameworksBuildPhase;
			buildActionMask = 2147483647;
			files = (
				1CA06C9DFEB015C3B7B78F93 /* Pods_WeatherForecast.framework in Frameworks */,
			);
			runOnlyForDeploymentPostprocessing = 0;
		};
/* End PBXFrameworksBuildPhase section */

/* Begin PBXGroup section */
		16AB9E7D0FEC0EB7684583BC /* Frameworks */ = {
			isa = PBXGroup;
			children = (
				0F4941A0F6E3C3B33FEB10D3 /* Pods_WeatherForecast.framework */,
			);
			name = Frameworks;
			sourceTree = "<group>";
		};
		6EDECF35BC2E3606DB16988C /* Pods */ = {
			isa = PBXGroup;
			children = (
				06ED123D8DE03B95D9890CFB /* Pods-WeatherForecast.debug.xcconfig */,
				0D0CB596BE28E410CA5201CF /* Pods-WeatherForecast.release.xcconfig */,
			);
			path = Pods;
			sourceTree = "<group>";
		};
		700656AB2A29833E00F5B947 = {
			isa = PBXGroup;
			children = (
				700656B62A29833E00F5B947 /* WeatherForecast */,
				700656B52A29833E00F5B947 /* Products */,
				6EDECF35BC2E3606DB16988C /* Pods */,
				16AB9E7D0FEC0EB7684583BC /* Frameworks */,
			);
			sourceTree = "<group>";
		};
		700656B52A29833E00F5B947 /* Products */ = {
			isa = PBXGroup;
			children = (
				700656B42A29833E00F5B947 /* WeatherForecast.app */,
			);
			name = Products;
			sourceTree = "<group>";
		};
		700656B62A29833E00F5B947 /* WeatherForecast */ = {
			isa = PBXGroup;
			children = (
				700656EA2A2983E000F5B947 /* Controller */,
				700656E02A2983CA00F5B947 /* Utils */,
				700656D32A29834E00F5B947 /* Model */,
				700656B72A29833E00F5B947 /* AppDelegate.h */,
				700656B82A29833E00F5B947 /* AppDelegate.m */,
				700656BA2A29833E00F5B947 /* SceneDelegate.h */,
				700656BB2A29833E00F5B947 /* SceneDelegate.m */,
				700656C02A29833E00F5B947 /* Main.storyboard */,
				700656C62A29834000F5B947 /* Assets.xcassets */,
				700656C82A29834000F5B947 /* LaunchScreen.storyboard */,
				700656CB2A29834000F5B947 /* Info.plist */,
				700656CC2A29834000F5B947 /* main.m */,
				700656C32A29833E00F5B947 /* WeatherForecast.xcdatamodeld */,
			);
			path = WeatherForecast;
			sourceTree = "<group>";
		};
		700656D32A29834E00F5B947 /* Model */ = {
			isa = PBXGroup;
			children = (
				700656D62A2983A500F5B947 /* Daily.m */,
				700656D82A2983A600F5B947 /* PlaceItem.h */,
				700656DA2A2983A600F5B947 /* PlaceItem.m */,
				700656DB2A2983A600F5B947 /* PlaceList.h */,
				700656D92A2983A600F5B947 /* PlaceList.m */,
				700656D72A2983A600F5B947 /* Realtime.h */,
				700656D52A2983A500F5B947 /* Realtime.m */,
				700656D42A29838600F5B947 /* Daily.h */,
				2B41842E2A5BDD98009E6D22 /* CYWeatherAllData.m */,
				2B4184302A5BDDA4009E6D22 /* CYWeatherAllData.h */,
				2B4184312A5BF703009E6D22 /* DataModelBase.m */,
				2B4184332A5BF70D009E6D22 /* DataModelBase.h */,
			);
			path = Model;
			sourceTree = "<group>";
		};
		700656E02A2983CA00F5B947 /* Utils */ = {
			isa = PBXGroup;
			children = (
				700656E12A2983CA00F5B947 /* NSArray+Map.m */,
				700656E22A2983CA00F5B947 /* CYWeather.h */,
				700656E32A2983CA00F5B947 /* LocationStorage.h */,
				700656E42A2983CA00F5B947 /* NSArray+Map.h */,
				700656E52A2983CA00F5B947 /* LocationStorage.m */,
				700656E62A2983CA00F5B947 /* CYWeather.m */,
			);
			path = Utils;
			sourceTree = "<group>";
		};
		700656EA2A2983E000F5B947 /* Controller */ = {
			isa = PBXGroup;
			children = (
				700656EB2A2983E000F5B947 /* PlaceListController.h */,
				700656EC2A2983E000F5B947 /* WeatherController.m */,
				700656ED2A2983E000F5B947 /* PlaceListController.m */,
				700656EE2A2983E000F5B947 /* WeatherController.h */,
			);
			path = Controller;
			sourceTree = "<group>";
		};
/* End PBXGroup section */

/* Begin PBXNativeTarget section */
		700656B32A29833E00F5B947 /* WeatherForecast */ = {
			isa = PBXNativeTarget;
			buildConfigurationList = 700656D02A29834000F5B947 /* Build configuration list for PBXNativeTarget "WeatherForecast" */;
			buildPhases = (
				5DA15B316D617197D6DF4778 /* [CP] Check Pods Manifest.lock */,
				700656B02A29833E00F5B947 /* Sources */,
				700656B12A29833E00F5B947 /* Frameworks */,
				700656B22A29833E00F5B947 /* Resources */,
				57A490457C7EE3C14E402DF6 /* [CP] Embed Pods Frameworks */,
			);
			buildRules = (
			);
			dependencies = (
			);
			name = WeatherForecast;
			productName = WeatherForecast;
			productReference = 700656B42A29833E00F5B947 /* WeatherForecast.app */;
			productType = "com.apple.product-type.application";
		};
/* End PBXNativeTarget section */

/* Begin PBXProject section */
		700656AC2A29833E00F5B947 /* Project object */ = {
			isa = PBXProject;
			attributes = {
				BuildIndependentTargetsInParallel = 1;
				LastUpgradeCheck = 1410;
				TargetAttributes = {
					700656B32A29833E00F5B947 = {
						CreatedOnToolsVersion = 14.1;
					};
				};
			};
			buildConfigurationList = 700656AF2A29833E00F5B947 /* Build configuration list for PBXProject "WeatherForecast" */;
			compatibilityVersion = "Xcode 14.0";
			developmentRegion = en;
			hasScannedForEncodings = 0;
			knownRegions = (
				en,
				Base,
			);
			mainGroup = 700656AB2A29833E00F5B947;
			productRefGroup = 700656B52A29833E00F5B947 /* Products */;
			projectDirPath = "";
			projectRoot = "";
			targets = (
				700656B32A29833E00F5B947 /* WeatherForecast */,
			);
		};
/* End PBXProject section */

/* Begin PBXResourcesBuildPhase section */
		700656B22A29833E00F5B947 /* Resources */ = {
			isa = PBXResourcesBuildPhase;
			buildActionMask = 2147483647;
			files = (
				700656CA2A29834000F5B947 /* LaunchScreen.storyboard in Resources */,
				700656C72A29834000F5B947 /* Assets.xcassets in Resources */,
				700656C22A29833E00F5B947 /* Main.storyboard in Resources */,
			);
			runOnlyForDeploymentPostprocessing = 0;
		};
/* End PBXResourcesBuildPhase section */

/* Begin PBXShellScriptBuildPhase section */
		57A490457C7EE3C14E402DF6 /* [CP] Embed Pods Frameworks */ = {
			isa = PBXShellScriptBuildPhase;
			buildActionMask = 2147483647;
			files = (
			);
			inputFileListPaths = (
				"${PODS_ROOT}/Target Support Files/Pods-WeatherForecast/Pods-WeatherForecast-frameworks-${CONFIGURATION}-input-files.xcfilelist",
			);
			name = "[CP] Embed Pods Frameworks";
			outputFileListPaths = (
				"${PODS_ROOT}/Target Support Files/Pods-WeatherForecast/Pods-WeatherForecast-frameworks-${CONFIGURATION}-output-files.xcfilelist",
			);
			runOnlyForDeploymentPostprocessing = 0;
			shellPath = /bin/sh;
			shellScript = "\"${PODS_ROOT}/Target Support Files/Pods-WeatherForecast/Pods-WeatherForecast-frameworks.sh\"\n";
			showEnvVarsInLog = 0;
		};
		5DA15B316D617197D6DF4778 /* [CP] Check Pods Manifest.lock */ = {
			isa = PBXShellScriptBuildPhase;
			buildActionMask = 2147483647;
			files = (
			);
			inputFileListPaths = (
			);
			inputPaths = (
				"${PODS_PODFILE_DIR_PATH}/Podfile.lock",
				"${PODS_ROOT}/Manifest.lock",
			);
			name = "[CP] Check Pods Manifest.lock";
			outputFileListPaths = (
			);
			outputPaths = (
				"$(DERIVED_FILE_DIR)/Pods-WeatherForecast-checkManifestLockResult.txt",
			);
			runOnlyForDeploymentPostprocessing = 0;
			shellPath = /bin/sh;
			shellScript = "diff \"${PODS_PODFILE_DIR_PATH}/Podfile.lock\" \"${PODS_ROOT}/Manifest.lock\" > /dev/null\nif [ $? != 0 ] ; then\n    # print error to STDERR\n    echo \"error: The sandbox is not in sync with the Podfile.lock. Run 'pod install' or update your CocoaPods installation.\" >&2\n    exit 1\nfi\n# This output is used by Xcode 'outputs' to avoid re-running this script phase.\necho \"SUCCESS\" > \"${SCRIPT_OUTPUT_FILE_0}\"\n";
			showEnvVarsInLog = 0;
		};
/* End PBXShellScriptBuildPhase section */

/* Begin PBXSourcesBuildPhase section */
		700656B02A29833E00F5B947 /* Sources */ = {
			isa = PBXSourcesBuildPhase;
			buildActionMask = 2147483647;
			files = (
				700656EF2A2983E000F5B947 /* WeatherController.m in Sources */,
				700656F02A2983E000F5B947 /* PlaceListController.m in Sources */,
				700656CD2A29834000F5B947 /* main.m in Sources */,
				700656E92A2983CA00F5B947 /* CYWeather.m in Sources */,
				700656DD2A2983A700F5B947 /* Daily.m in Sources */,
				2B4184322A5BF703009E6D22 /* DataModelBase.m in Sources */,
				700656DC2A2983A700F5B947 /* Realtime.m in Sources */,
				2B41842F2A5BDD98009E6D22 /* CYWeatherAllData.m in Sources */,
				700656B92A29833E00F5B947 /* AppDelegate.m in Sources */,
				700656E72A2983CA00F5B947 /* NSArray+Map.m in Sources */,
				700656BC2A29833E00F5B947 /* SceneDelegate.m in Sources */,
				700656E82A2983CA00F5B947 /* LocationStorage.m in Sources */,
				700656DF2A2983A700F5B947 /* PlaceItem.m in Sources */,
				700656C52A29833E00F5B947 /* WeatherForecast.xcdatamodeld in Sources */,
				700656DE2A2983A700F5B947 /* PlaceList.m in Sources */,
			);
			runOnlyForDeploymentPostprocessing = 0;
		};
/* End PBXSourcesBuildPhase section */

/* Begin PBXVariantGroup section */
		700656C02A29833E00F5B947 /* Main.storyboard */ = {
			isa = PBXVariantGroup;
			children = (
				700656C12A29833E00F5B947 /* Base */,
			);
			name = Main.storyboard;
			sourceTree = "<group>";
		};
		700656C82A29834000F5B947 /* LaunchScreen.storyboard */ = {
			isa = PBXVariantGroup;
			children = (
				700656C92A29834000F5B947 /* Base */,
			);
			name = LaunchScreen.storyboard;
			sourceTree = "<group>";
		};
/* End PBXVariantGroup section */

/* Begin XCBuildConfiguration section */
		700656CE2A29834000F5B947 /* Debug */ = {
			isa = XCBuildConfiguration;
			buildSettings = {
				ALWAYS_SEARCH_USER_PATHS = NO;
				CLANG_ANALYZER_NONNULL = YES;
				CLANG_ANALYZER_NUMBER_OBJECT_CONVERSION = YES_AGGRESSIVE;
				CLANG_CXX_LANGUAGE_STANDARD = "gnu++20";
				CLANG_ENABLE_MODULES = YES;
				CLANG_ENABLE_OBJC_ARC = YES;
				CLANG_ENABLE_OBJC_WEAK = YES;
				CLANG_WARN_BLOCK_CAPTURE_AUTORELEASING = YES;
				CLANG_WARN_BOOL_CONVERSION = YES;
				CLANG_WARN_COMMA = YES;
				CLANG_WARN_CONSTANT_CONVERSION = YES;
				CLANG_WARN_DEPRECATED_OBJC_IMPLEMENTATIONS = YES;
				CLANG_WARN_DIRECT_OBJC_ISA_USAGE = YES_ERROR;
				CLANG_WARN_DOCUMENTATION_COMMENTS = YES;
				CLANG_WARN_EMPTY_BODY = YES;
				CLANG_WARN_ENUM_CONVERSION = YES;
				CLANG_WARN_INFINITE_RECURSION = YES;
				CLANG_WARN_INT_CONVERSION = YES;
				CLANG_WARN_NON_LITERAL_NULL_CONVERSION = YES;
				CLANG_WARN_OBJC_IMPLICIT_RETAIN_SELF = YES;
				CLANG_WARN_OBJC_LITERAL_CONVERSION = YES;
				CLANG_WARN_OBJC_ROOT_CLASS = YES_ERROR;
				CLANG_WARN_QUOTED_INCLUDE_IN_FRAMEWORK_HEADER = YES;
				CLANG_WARN_RANGE_LOOP_ANALYSIS = YES;
				CLANG_WARN_STRICT_PROTOTYPES = YES;
				CLANG_WARN_SUSPICIOUS_MOVE = YES;
				CLANG_WARN_UNGUARDED_AVAILABILITY = YES_AGGRESSIVE;
				CLANG_WARN_UNREACHABLE_CODE = YES;
				CLANG_WARN__DUPLICATE_METHOD_MATCH = YES;
				COPY_PHASE_STRIP = NO;
				DEBUG_INFORMATION_FORMAT = dwarf;
				ENABLE_STRICT_OBJC_MSGSEND = YES;
				ENABLE_TESTABILITY = YES;
				GCC_C_LANGUAGE_STANDARD = gnu11;
				GCC_DYNAMIC_NO_PIC = NO;
				GCC_NO_COMMON_BLOCKS = YES;
				GCC_OPTIMIZATION_LEVEL = 0;
				GCC_PREPROCESSOR_DEFINITIONS = (
					"DEBUG=1",
					"$(inherited)",
				);
				GCC_WARN_64_TO_32_BIT_CONVERSION = YES;
				GCC_WARN_ABOUT_RETURN_TYPE = YES_ERROR;
				GCC_WARN_UNDECLARED_SELECTOR = YES;
				GCC_WARN_UNINITIALIZED_AUTOS = YES_AGGRESSIVE;
				GCC_WARN_UNUSED_FUNCTION = YES;
				GCC_WARN_UNUSED_VARIABLE = YES;
				IPHONEOS_DEPLOYMENT_TARGET = 16.1;
				MTL_ENABLE_DEBUG_INFO = INCLUDE_SOURCE;
				MTL_FAST_MATH = YES;
				ONLY_ACTIVE_ARCH = YES;
				SDKROOT = iphoneos;
			};
			name = Debug;
		};
		700656CF2A29834000F5B947 /* Release */ = {
			isa = XCBuildConfiguration;
			buildSettings = {
				ALWAYS_SEARCH_USER_PATHS = NO;
				CLANG_ANALYZER_NONNULL = YES;
				CLANG_ANALYZER_NUMBER_OBJECT_CONVERSION = YES_AGGRESSIVE;
				CLANG_CXX_LANGUAGE_STANDARD = "gnu++20";
				CLANG_ENABLE_MODULES = YES;
				CLANG_ENABLE_OBJC_ARC = YES;
				CLANG_ENABLE_OBJC_WEAK = YES;
				CLANG_WARN_BLOCK_CAPTURE_AUTORELEASING = YES;
				CLANG_WARN_BOOL_CONVERSION = YES;
				CLANG_WARN_COMMA = YES;
				CLANG_WARN_CONSTANT_CONVERSION = YES;
				CLANG_WARN_DEPRECATED_OBJC_IMPLEMENTATIONS = YES;
				CLANG_WARN_DIRECT_OBJC_ISA_USAGE = YES_ERROR;
				CLANG_WARN_DOCUMENTATION_COMMENTS = YES;
				CLANG_WARN_EMPTY_BODY = YES;
				CLANG_WARN_ENUM_CONVERSION = YES;
				CLANG_WARN_INFINITE_RECURSION = YES;
				CLANG_WARN_INT_CONVERSION = YES;
				CLANG_WARN_NON_LITERAL_NULL_CONVERSION = YES;
				CLANG_WARN_OBJC_IMPLICIT_RETAIN_SELF = YES;
				CLANG_WARN_OBJC_LITERAL_CONVERSION = YES;
				CLANG_WARN_OBJC_ROOT_CLASS = YES_ERROR;
				CLANG_WARN_QUOTED_INCLUDE_IN_FRAMEWORK_HEADER = YES;
				CLANG_WARN_RANGE_LOOP_ANALYSIS = YES;
				CLANG_WARN_STRICT_PROTOTYPES = YES;
				CLANG_WARN_SUSPICIOUS_MOVE = YES;
				CLANG_WARN_UNGUARDED_AVAILABILITY = YES_AGGRESSIVE;
				CLANG_WARN_UNREACHABLE_CODE = YES;
				CLANG_WARN__DUPLICATE_METHOD_MATCH = YES;
				COPY_PHASE_STRIP = NO;
				DEBUG_INFORMATION_FORMAT = "dwarf-with-dsym";
				ENABLE_NS_ASSERTIONS = NO;
				ENABLE_STRICT_OBJC_MSGSEND = YES;
				GCC_C_LANGUAGE_STANDARD = gnu11;
				GCC_NO_COMMON_BLOCKS = YES;
				GCC_WARN_64_TO_32_BIT_CONVERSION = YES;
				GCC_WARN_ABOUT_RETURN_TYPE = YES_ERROR;
				GCC_WARN_UNDECLARED_SELECTOR = YES;
				GCC_WARN_UNINITIALIZED_AUTOS = YES_AGGRESSIVE;
				GCC_WARN_UNUSED_FUNCTION = YES;
				GCC_WARN_UNUSED_VARIABLE = YES;
				IPHONEOS_DEPLOYMENT_TARGET = 16.1;
				MTL_ENABLE_DEBUG_INFO = NO;
				MTL_FAST_MATH = YES;
				SDKROOT = iphoneos;
				VALIDATE_PRODUCT = YES;
			};
			name = Release;
		};
		700656D12A29834000F5B947 /* Debug */ = {
			isa = XCBuildConfiguration;
			baseConfigurationReference = 06ED123D8DE03B95D9890CFB /* Pods-WeatherForecast.debug.xcconfig */;
			buildSettings = {
				ASSETCATALOG_COMPILER_APPICON_NAME = AppIcon;
				ASSETCATALOG_COMPILER_GLOBAL_ACCENT_COLOR_NAME = AccentColor;
				CODE_SIGN_STYLE = Automatic;
				CURRENT_PROJECT_VERSION = 1;
				GENERATE_INFOPLIST_FILE = YES;
				INFOPLIST_FILE = WeatherForecast/Info.plist;
				INFOPLIST_KEY_UIApplicationSupportsIndirectInputEvents = YES;
				INFOPLIST_KEY_UILaunchStoryboardName = LaunchScreen;
				INFOPLIST_KEY_UIMainStoryboardFile = Main;
				INFOPLIST_KEY_UISupportedInterfaceOrientations_iPad = "UIInterfaceOrientationPortrait UIInterfaceOrientationPortraitUpsideDown UIInterfaceOrientationLandscapeLeft UIInterfaceOrientationLandscapeRight";
				INFOPLIST_KEY_UISupportedInterfaceOrientations_iPhone = "UIInterfaceOrientationPortrait UIInterfaceOrientationLandscapeLeft UIInterfaceOrientationLandscapeRight";
				LD_RUNPATH_SEARCH_PATHS = (
					"$(inherited)",
					"@executable_path/Frameworks",
				);
				MARKETING_VERSION = 1.0;
				PRODUCT_BUNDLE_IDENTIFIER = cn.seekecho.WeatherForecast;
				PRODUCT_NAME = "$(TARGET_NAME)";
				SWIFT_EMIT_LOC_STRINGS = YES;
				TARGETED_DEVICE_FAMILY = "1,2";
			};
			name = Debug;
		};
		700656D22A29834000F5B947 /* Release */ = {
			isa = XCBuildConfiguration;
			baseConfigurationReference = 0D0CB596BE28E410CA5201CF /* Pods-WeatherForecast.release.xcconfig */;
			buildSettings = {
				ASSETCATALOG_COMPILER_APPICON_NAME = AppIcon;
				ASSETCATALOG_COMPILER_GLOBAL_ACCENT_COLOR_NAME = AccentColor;
				CODE_SIGN_STYLE = Automatic;
				CURRENT_PROJECT_VERSION = 1;
				GENERATE_INFOPLIST_FILE = YES;
				INFOPLIST_FILE = WeatherForecast/Info.plist;
				INFOPLIST_KEY_UIApplicationSupportsIndirectInputEvents = YES;
				INFOPLIST_KEY_UILaunchStoryboardName = LaunchScreen;
				INFOPLIST_KEY_UIMainStoryboardFile = Main;
				INFOPLIST_KEY_UISupportedInterfaceOrientations_iPad = "UIInterfaceOrientationPortrait UIInterfaceOrientationPortraitUpsideDown UIInterfaceOrientationLandscapeLeft UIInterfaceOrientationLandscapeRight";
				INFOPLIST_KEY_UISupportedInterfaceOrientations_iPhone = "UIInterfaceOrientationPortrait UIInterfaceOrientationLandscapeLeft UIInterfaceOrientationLandscapeRight";
				LD_RUNPATH_SEARCH_PATHS = (
					"$(inherited)",
					"@executable_path/Frameworks",
				);
				MARKETING_VERSION = 1.0;
				PRODUCT_BUNDLE_IDENTIFIER = cn.seekecho.WeatherForecast;
				PRODUCT_NAME = "$(TARGET_NAME)";
				SWIFT_EMIT_LOC_STRINGS = YES;
				TARGETED_DEVICE_FAMILY = "1,2";
			};
			name = Release;
		};
/* End XCBuildConfiguration section */

/* Begin XCConfigurationList section */
		700656AF2A29833E00F5B947 /* Build configuration list for PBXProject "WeatherForecast" */ = {
			isa = XCConfigurationList;
			buildConfigurations = (
				700656CE2A29834000F5B947 /* Debug */,
				700656CF2A29834000F5B947 /* Release */,
			);
			defaultConfigurationIsVisible = 0;
			defaultConfigurationName = Release;
		};
		700656D02A29834000F5B947 /* Build configuration list for PBXNativeTarget "WeatherForecast" */ = {
			isa = XCConfigurationList;
			buildConfigurations = (
				700656D12A29834000F5B947 /* Debug */,
				700656D22A29834000F5B947 /* Release */,
			);
			defaultConfigurationIsVisible = 0;
			defaultConfigurationName = Release;
		};
/* End XCConfigurationList section */

/* Begin XCVersionGroup section */
		700656C32A29833E00F5B947 /* WeatherForecast.xcdatamodeld */ = {
			isa = XCVersionGroup;
			children = (
				700656C42A29833E00F5B947 /* WeatherForecast.xcdatamodel */,
			);
			currentVersion = 700656C42A29833E00F5B947 /* WeatherForecast.xcdatamodel */;
			path = WeatherForecast.xcdatamodeld;
			sourceTree = "<group>";
			versionGroupType = wrapper.xcdatamodel;
		};
/* End XCVersionGroup section */
	};
	rootObject = 700656AC2A29833E00F5B947 /* Project object */;
}
